// !$*UTF8*$!
{
	archiveVersion = 1;
	classes = {
	};
	objectVersion = 55;
	objects = {

/* Begin PBXBuildFile section */
		050A8EFA296E738300C5C638 /* DatasetWriter.swift in Sources */ = {isa = PBXBuildFile; fileRef = 050A8EF9296E738200C5C638 /* DatasetWriter.swift */; };
		050A8EFC296E8B8E00C5C638 /* DDSWriter.swift in Sources */ = {isa = PBXBuildFile; fileRef = 050A8EFB296E8B8E00C5C638 /* DDSWriter.swift */; };
		0512301F29499F50003915D9 /* NeRFCaptureData.c in Sources */ = {isa = PBXBuildFile; fileRef = 0512301C29499F4F003915D9 /* NeRFCaptureData.c */; };
		0512302029499F50003915D9 /* NeRFCaptureData.idl in Resources */ = {isa = PBXBuildFile; fileRef = 0512301D29499F4F003915D9 /* NeRFCaptureData.idl */; };
		0539EAB12965458E00C51AB9 /* Zip in Frameworks */ = {isa = PBXBuildFile; productRef = 0539EAB02965458E00C51AB9 /* Zip */; };
		0539EAB429654B0400C51AB9 /* cyclonedds in Frameworks */ = {isa = PBXBuildFile; productRef = 0539EAB329654B0400C51AB9 /* cyclonedds */; };
		057A7AA82950092E000692A0 /* Shaders.metal in Sources */ = {isa = PBXBuildFile; fileRef = 057A7AA72950092E000692A0 /* Shaders.metal */; };
		C0C52A90287E7F940011820F /* AppDelegate.swift in Sources */ = {isa = PBXBuildFile; fileRef = C0C52A8F287E7F940011820F /* AppDelegate.swift */; };
		C0C52A92287E7F940011820F /* ContentView.swift in Sources */ = {isa = PBXBuildFile; fileRef = C0C52A91287E7F940011820F /* ContentView.swift */; };
		C0C52A96287E7F960011820F /* Assets.xcassets in Resources */ = {isa = PBXBuildFile; fileRef = C0C52A95287E7F960011820F /* Assets.xcassets */; };
		C0C52A99287E7F960011820F /* Preview Assets.xcassets in Resources */ = {isa = PBXBuildFile; fileRef = C0C52A98287E7F960011820F /* Preview Assets.xcassets */; };
		C0C52AA3287EC19A0011820F /* Utils.swift in Sources */ = {isa = PBXBuildFile; fileRef = C0C52AA2287EC19A0011820F /* Utils.swift */; };
		C0C52AA8287EC2390011820F /* ARViewModel.swift in Sources */ = {isa = PBXBuildFile; fileRef = C0C52AA7287EC2390011820F /* ARViewModel.swift */; };
		C0C52AAA287EC2470011820F /* ARViewContainer.swift in Sources */ = {isa = PBXBuildFile; fileRef = C0C52AA9287EC2470011820F /* ARViewContainer.swift */; };
		C0C52AAC287EC26A0011820F /* Manifest.swift in Sources */ = {isa = PBXBuildFile; fileRef = C0C52AAB287EC26A0011820F /* Manifest.swift */; };
		C0C52AAE287EC33D0011820F /* AppState.swift in Sources */ = {isa = PBXBuildFile; fileRef = C0C52AAD287EC33D0011820F /* AppState.swift */; };
/* End PBXBuildFile section */

/* Begin PBXCopyFilesBuildPhase section */
		0531C0AA293735DE005F0929 /* Embed Frameworks */ = {
			isa = PBXCopyFilesBuildPhase;
			buildActionMask = 2147483647;
			dstPath = "";
			dstSubfolderSpec = 10;
			files = (
			);
			name = "Embed Frameworks";
			runOnlyForDeploymentPostprocessing = 0;
		};
/* End PBXCopyFilesBuildPhase section */

/* Begin PBXFileReference section */
		050A8EF9296E738200C5C638 /* DatasetWriter.swift */ = {isa = PBXFileReference; lastKnownFileType = sourcecode.swift; path = DatasetWriter.swift; sourceTree = "<group>"; };
		050A8EFB296E8B8E00C5C638 /* DDSWriter.swift */ = {isa = PBXFileReference; lastKnownFileType = sourcecode.swift; path = DDSWriter.swift; sourceTree = "<group>"; };
		051230122942EE07003915D9 /* CycloneDDS-Bridging-Header.h */ = {isa = PBXFileReference; lastKnownFileType = sourcecode.c.h; path = "CycloneDDS-Bridging-Header.h"; sourceTree = "<group>"; };
		0512301C29499F4F003915D9 /* NeRFCaptureData.c */ = {isa = PBXFileReference; fileEncoding = 4; lastKnownFileType = sourcecode.c.c; path = NeRFCaptureData.c; sourceTree = "<group>"; };
		0512301D29499F4F003915D9 /* NeRFCaptureData.idl */ = {isa = PBXFileReference; fileEncoding = 4; lastKnownFileType = text; path = NeRFCaptureData.idl; sourceTree = "<group>"; };
		0512301E29499F50003915D9 /* NeRFCaptureData.h */ = {isa = PBXFileReference; fileEncoding = 4; lastKnownFileType = sourcecode.c.h; path = NeRFCaptureData.h; sourceTree = "<group>"; };
		052D2374287FD53A0083DC5B /* Info.plist */ = {isa = PBXFileReference; lastKnownFileType = text.plist; path = Info.plist; sourceTree = "<group>"; };
		057A7AA72950092E000692A0 /* Shaders.metal */ = {isa = PBXFileReference; lastKnownFileType = sourcecode.metal; path = Shaders.metal; sourceTree = "<group>"; };
		C0C52A8C287E7F940011820F /* NeRFCapture.app */ = {isa = PBXFileReference; explicitFileType = wrapper.application; includeInIndex = 0; path = NeRFCapture.app; sourceTree = BUILT_PRODUCTS_DIR; };
		C0C52A8F287E7F940011820F /* AppDelegate.swift */ = {isa = PBXFileReference; lastKnownFileType = sourcecode.swift; path = AppDelegate.swift; sourceTree = "<group>"; };
		C0C52A91287E7F940011820F /* ContentView.swift */ = {isa = PBXFileReference; lastKnownFileType = sourcecode.swift; path = ContentView.swift; sourceTree = "<group>"; };
		C0C52A95287E7F960011820F /* Assets.xcassets */ = {isa = PBXFileReference; lastKnownFileType = folder.assetcatalog; path = Assets.xcassets; sourceTree = "<group>"; };
		C0C52A98287E7F960011820F /* Preview Assets.xcassets */ = {isa = PBXFileReference; lastKnownFileType = folder.assetcatalog; path = "Preview Assets.xcassets"; sourceTree = "<group>"; };
		C0C52AA2287EC19A0011820F /* Utils.swift */ = {isa = PBXFileReference; lastKnownFileType = sourcecode.swift; path = Utils.swift; sourceTree = "<group>"; };
		C0C52AA7287EC2390011820F /* ARViewModel.swift */ = {isa = PBXFileReference; lastKnownFileType = sourcecode.swift; path = ARViewModel.swift; sourceTree = "<group>"; };
		C0C52AA9287EC2470011820F /* ARViewContainer.swift */ = {isa = PBXFileReference; lastKnownFileType = sourcecode.swift; path = ARViewContainer.swift; sourceTree = "<group>"; };
		C0C52AAB287EC26A0011820F /* Manifest.swift */ = {isa = PBXFileReference; lastKnownFileType = sourcecode.swift; path = Manifest.swift; sourceTree = "<group>"; };
		C0C52AAD287EC33D0011820F /* AppState.swift */ = {isa = PBXFileReference; lastKnownFileType = sourcecode.swift; path = AppState.swift; sourceTree = "<group>"; };
/* End PBXFileReference section */

/* Begin PBXFrameworksBuildPhase section */
		C0C52A89287E7F940011820F /* Frameworks */ = {
			isa = PBXFrameworksBuildPhase;
			buildActionMask = 2147483647;
			files = (
				0539EAB429654B0400C51AB9 /* cyclonedds in Frameworks */,
				0539EAB12965458E00C51AB9 /* Zip in Frameworks */,
			);
			runOnlyForDeploymentPostprocessing = 0;
		};
/* End PBXFrameworksBuildPhase section */

/* Begin PBXGroup section */
		0531C0A6293735DD005F0929 /* Frameworks */ = {
			isa = PBXGroup;
			children = (
			);
			name = Frameworks;
			sourceTree = "<group>";
		};
		057E7765293816800014E461 /* Networking */ = {
			isa = PBXGroup;
			children = (
				051230122942EE07003915D9 /* CycloneDDS-Bridging-Header.h */,
			);
			path = Networking;
			sourceTree = "<group>";
		};
		057E776C293825FE0014E461 /* Packages */ = {
			isa = PBXGroup;
			children = (
			);
			name = Packages;
			sourceTree = "<group>";
		};
		057E7774293827F60014E461 /* DDSModel */ = {
			isa = PBXGroup;
			children = (
				0512301C29499F4F003915D9 /* NeRFCaptureData.c */,
				0512301E29499F50003915D9 /* NeRFCaptureData.h */,
				0512301D29499F4F003915D9 /* NeRFCaptureData.idl */,
			);
			path = DDSModel;
			sourceTree = "<group>";
		};
		C0C52A83287E7F940011820F = {
			isa = PBXGroup;
			children = (
				057E776C293825FE0014E461 /* Packages */,
				C0C52A8E287E7F940011820F /* NeRFCapture */,
				C0C52A8D287E7F940011820F /* Products */,
				0531C0A6293735DD005F0929 /* Frameworks */,
			);
			sourceTree = "<group>";
		};
		C0C52A8D287E7F940011820F /* Products */ = {
			isa = PBXGroup;
			children = (
				C0C52A8C287E7F940011820F /* NeRFCapture.app */,
			);
			name = Products;
			sourceTree = "<group>";
		};
		C0C52A8E287E7F940011820F /* NeRFCapture */ = {
			isa = PBXGroup;
			children = (
				057E7774293827F60014E461 /* DDSModel */,
				057E7765293816800014E461 /* Networking */,
				052D2374287FD53A0083DC5B /* Info.plist */,
				C0C52AA6287EC2090011820F /* Models */,
				C0C52AA5287EC2040011820F /* Views */,
				C0C52AA4287EC1FA0011820F /* ViewModels */,
				C0C52A8F287E7F940011820F /* AppDelegate.swift */,
				C0C52AA2287EC19A0011820F /* Utils.swift */,
				C0C52A95287E7F960011820F /* Assets.xcassets */,
				C0C52A97287E7F960011820F /* Preview Content */,
				057A7AA72950092E000692A0 /* Shaders.metal */,
				050A8EF9296E738200C5C638 /* DatasetWriter.swift */,
				050A8EFB296E8B8E00C5C638 /* DDSWriter.swift */,
			);
			path = NeRFCapture;
			sourceTree = "<group>";
		};
		C0C52A97287E7F960011820F /* Preview Content */ = {
			isa = PBXGroup;
			children = (
				C0C52A98287E7F960011820F /* Preview Assets.xcassets */,
			);
			path = "Preview Content";
			sourceTree = "<group>";
		};
		C0C52AA4287EC1FA0011820F /* ViewModels */ = {
			isa = PBXGroup;
			children = (
				C0C52AA7287EC2390011820F /* ARViewModel.swift */,
			);
			path = ViewModels;
			sourceTree = "<group>";
		};
		C0C52AA5287EC2040011820F /* Views */ = {
			isa = PBXGroup;
			children = (
				C0C52A91287E7F940011820F /* ContentView.swift */,
				C0C52AA9287EC2470011820F /* ARViewContainer.swift */,
			);
			path = Views;
			sourceTree = "<group>";
		};
		C0C52AA6287EC2090011820F /* Models */ = {
			isa = PBXGroup;
			children = (
				C0C52AAB287EC26A0011820F /* Manifest.swift */,
				C0C52AAD287EC33D0011820F /* AppState.swift */,
			);
			path = Models;
			sourceTree = "<group>";
		};
/* End PBXGroup section */

/* Begin PBXNativeTarget section */
		C0C52A8B287E7F940011820F /* NeRFCapture */ = {
			isa = PBXNativeTarget;
			buildConfigurationList = C0C52A9C287E7F960011820F /* Build configuration list for PBXNativeTarget "NeRFCapture" */;
			buildPhases = (
				C0C52A88287E7F940011820F /* Sources */,
				C0C52A89287E7F940011820F /* Frameworks */,
				C0C52A8A287E7F940011820F /* Resources */,
				0531C0AA293735DE005F0929 /* Embed Frameworks */,
			);
			buildRules = (
			);
			dependencies = (
			);
			name = NeRFCapture;
			packageProductDependencies = (
				0539EAB02965458E00C51AB9 /* Zip */,
				0539EAB329654B0400C51AB9 /* cyclonedds */,
			);
			productName = NeRFCapture;
			productReference = C0C52A8C287E7F940011820F /* NeRFCapture.app */;
			productType = "com.apple.product-type.application";
		};
/* End PBXNativeTarget section */

/* Begin PBXProject section */
		C0C52A84287E7F940011820F /* Project object */ = {
			isa = PBXProject;
			attributes = {
				BuildIndependentTargetsInParallel = 1;
				LastSwiftUpdateCheck = 1340;
				LastUpgradeCheck = 1340;
				TargetAttributes = {
					C0C52A8B287E7F940011820F = {
						CreatedOnToolsVersion = 13.4.1;
					};
				};
			};
			buildConfigurationList = C0C52A87287E7F940011820F /* Build configuration list for PBXProject "NeRFCapture" */;
			compatibilityVersion = "Xcode 13.0";
			developmentRegion = en;
			hasScannedForEncodings = 0;
			knownRegions = (
				en,
				Base,
			);
			mainGroup = C0C52A83287E7F940011820F;
			packageReferences = (
				0539EAAF2965458E00C51AB9 /* XCRemoteSwiftPackageReference "Zip" */,
				0539EAB229654B0400C51AB9 /* XCRemoteSwiftPackageReference "CycloneDDSPrebuild" */,
			);
			productRefGroup = C0C52A8D287E7F940011820F /* Products */;
			projectDirPath = "";
			projectRoot = "";
			targets = (
				C0C52A8B287E7F940011820F /* NeRFCapture */,
			);
		};
/* End PBXProject section */

/* Begin PBXResourcesBuildPhase section */
		C0C52A8A287E7F940011820F /* Resources */ = {
			isa = PBXResourcesBuildPhase;
			buildActionMask = 2147483647;
			files = (
				0512302029499F50003915D9 /* NeRFCaptureData.idl in Resources */,
				C0C52A99287E7F960011820F /* Preview Assets.xcassets in Resources */,
				C0C52A96287E7F960011820F /* Assets.xcassets in Resources */,
			);
			runOnlyForDeploymentPostprocessing = 0;
		};
/* End PBXResourcesBuildPhase section */

/* Begin PBXSourcesBuildPhase section */
		C0C52A88287E7F940011820F /* Sources */ = {
			isa = PBXSourcesBuildPhase;
			buildActionMask = 2147483647;
			files = (
				C0C52AAA287EC2470011820F /* ARViewContainer.swift in Sources */,
				050A8EFA296E738300C5C638 /* DatasetWriter.swift in Sources */,
				C0C52A92287E7F940011820F /* ContentView.swift in Sources */,
				C0C52AAE287EC33D0011820F /* AppState.swift in Sources */,
				0512301F29499F50003915D9 /* NeRFCaptureData.c in Sources */,
				C0C52AAC287EC26A0011820F /* Manifest.swift in Sources */,
				C0C52A90287E7F940011820F /* AppDelegate.swift in Sources */,
				050A8EFC296E8B8E00C5C638 /* DDSWriter.swift in Sources */,
				057A7AA82950092E000692A0 /* Shaders.metal in Sources */,
				C0C52AA3287EC19A0011820F /* Utils.swift in Sources */,
				C0C52AA8287EC2390011820F /* ARViewModel.swift in Sources */,
			);
			runOnlyForDeploymentPostprocessing = 0;
		};
/* End PBXSourcesBuildPhase section */

/* Begin XCBuildConfiguration section */
		C0C52A9A287E7F960011820F /* Debug */ = {
			isa = XCBuildConfiguration;
			buildSettings = {
				ALWAYS_SEARCH_USER_PATHS = NO;
				CLANG_ANALYZER_NONNULL = YES;
				CLANG_ANALYZER_NUMBER_OBJECT_CONVERSION = YES_AGGRESSIVE;
				CLANG_CXX_LANGUAGE_STANDARD = "gnu++17";
				CLANG_ENABLE_MODULES = YES;
				CLANG_ENABLE_OBJC_ARC = YES;
				CLANG_ENABLE_OBJC_WEAK = YES;
				CLANG_WARN_BLOCK_CAPTURE_AUTORELEASING = YES;
				CLANG_WARN_BOOL_CONVERSION = YES;
				CLANG_WARN_COMMA = YES;
				CLANG_WARN_CONSTANT_CONVERSION = YES;
				CLANG_WARN_DEPRECATED_OBJC_IMPLEMENTATIONS = YES;
				CLANG_WARN_DIRECT_OBJC_ISA_USAGE = YES_ERROR;
				CLANG_WARN_DOCUMENTATION_COMMENTS = YES;
				CLANG_WARN_EMPTY_BODY = YES;
				CLANG_WARN_ENUM_CONVERSION = YES;
				CLANG_WARN_INFINITE_RECURSION = YES;
				CLANG_WARN_INT_CONVERSION = YES;
				CLANG_WARN_NON_LITERAL_NULL_CONVERSION = YES;
				CLANG_WARN_OBJC_IMPLICIT_RETAIN_SELF = YES;
				CLANG_WARN_OBJC_LITERAL_CONVERSION = YES;
				CLANG_WARN_OBJC_ROOT_CLASS = YES_ERROR;
				CLANG_WARN_QUOTED_INCLUDE_IN_FRAMEWORK_HEADER = YES;
				CLANG_WARN_RANGE_LOOP_ANALYSIS = YES;
				CLANG_WARN_STRICT_PROTOTYPES = YES;
				CLANG_WARN_SUSPICIOUS_MOVE = YES;
				CLANG_WARN_UNGUARDED_AVAILABILITY = YES_AGGRESSIVE;
				CLANG_WARN_UNREACHABLE_CODE = YES;
				CLANG_WARN__DUPLICATE_METHOD_MATCH = YES;
				COPY_PHASE_STRIP = NO;
				DEBUG_INFORMATION_FORMAT = dwarf;
				ENABLE_STRICT_OBJC_MSGSEND = YES;
				ENABLE_TESTABILITY = YES;
				GCC_C_LANGUAGE_STANDARD = gnu11;
				GCC_DYNAMIC_NO_PIC = NO;
				GCC_NO_COMMON_BLOCKS = YES;
				GCC_OPTIMIZATION_LEVEL = 0;
				GCC_PREPROCESSOR_DEFINITIONS = (
					"DEBUG=1",
					"$(inherited)",
				);
				GCC_WARN_64_TO_32_BIT_CONVERSION = YES;
				GCC_WARN_ABOUT_RETURN_TYPE = YES_ERROR;
				GCC_WARN_UNDECLARED_SELECTOR = YES;
				GCC_WARN_UNINITIALIZED_AUTOS = YES_AGGRESSIVE;
				GCC_WARN_UNUSED_FUNCTION = YES;
				GCC_WARN_UNUSED_VARIABLE = YES;
				IPHONEOS_DEPLOYMENT_TARGET = 15.0;
				MTL_ENABLE_DEBUG_INFO = INCLUDE_SOURCE;
				MTL_FAST_MATH = YES;
				ONLY_ACTIVE_ARCH = YES;
				SDKROOT = iphoneos;
				SWIFT_ACTIVE_COMPILATION_CONDITIONS = DEBUG;
				SWIFT_ENFORCE_EXCLUSIVE_ACCESS = on;
				SWIFT_OPTIMIZATION_LEVEL = "-Onone";
			};
			name = Debug;
		};
		C0C52A9B287E7F960011820F /* Release */ = {
			isa = XCBuildConfiguration;
			buildSettings = {
				ALWAYS_SEARCH_USER_PATHS = NO;
				CLANG_ANALYZER_NONNULL = YES;
				CLANG_ANALYZER_NUMBER_OBJECT_CONVERSION = YES_AGGRESSIVE;
				CLANG_CXX_LANGUAGE_STANDARD = "gnu++17";
				CLANG_ENABLE_MODULES = YES;
				CLANG_ENABLE_OBJC_ARC = YES;
				CLANG_ENABLE_OBJC_WEAK = YES;
				CLANG_WARN_BLOCK_CAPTURE_AUTORELEASING = YES;
				CLANG_WARN_BOOL_CONVERSION = YES;
				CLANG_WARN_COMMA = YES;
				CLANG_WARN_CONSTANT_CONVERSION = YES;
				CLANG_WARN_DEPRECATED_OBJC_IMPLEMENTATIONS = YES;
				CLANG_WARN_DIRECT_OBJC_ISA_USAGE = YES_ERROR;
				CLANG_WARN_DOCUMENTATION_COMMENTS = YES;
				CLANG_WARN_EMPTY_BODY = YES;
				CLANG_WARN_ENUM_CONVERSION = YES;
				CLANG_WARN_INFINITE_RECURSION = YES;
				CLANG_WARN_INT_CONVERSION = YES;
				CLANG_WARN_NON_LITERAL_NULL_CONVERSION = YES;
				CLANG_WARN_OBJC_IMPLICIT_RETAIN_SELF = YES;
				CLANG_WARN_OBJC_LITERAL_CONVERSION = YES;
				CLANG_WARN_OBJC_ROOT_CLASS = YES_ERROR;
				CLANG_WARN_QUOTED_INCLUDE_IN_FRAMEWORK_HEADER = YES;
				CLANG_WARN_RANGE_LOOP_ANALYSIS = YES;
				CLANG_WARN_STRICT_PROTOTYPES = YES;
				CLANG_WARN_SUSPICIOUS_MOVE = YES;
				CLANG_WARN_UNGUARDED_AVAILABILITY = YES_AGGRESSIVE;
				CLANG_WARN_UNREACHABLE_CODE = YES;
				CLANG_WARN__DUPLICATE_METHOD_MATCH = YES;
				COPY_PHASE_STRIP = NO;
				DEBUG_INFORMATION_FORMAT = "dwarf-with-dsym";
				ENABLE_NS_ASSERTIONS = NO;
				ENABLE_STRICT_OBJC_MSGSEND = YES;
				GCC_C_LANGUAGE_STANDARD = gnu11;
				GCC_NO_COMMON_BLOCKS = YES;
				GCC_WARN_64_TO_32_BIT_CONVERSION = YES;
				GCC_WARN_ABOUT_RETURN_TYPE = YES_ERROR;
				GCC_WARN_UNDECLARED_SELECTOR = YES;
				GCC_WARN_UNINITIALIZED_AUTOS = YES_AGGRESSIVE;
				GCC_WARN_UNUSED_FUNCTION = YES;
				GCC_WARN_UNUSED_VARIABLE = YES;
				IPHONEOS_DEPLOYMENT_TARGET = 15.0;
				MTL_ENABLE_DEBUG_INFO = NO;
				MTL_FAST_MATH = YES;
				SDKROOT = iphoneos;
				SWIFT_COMPILATION_MODE = wholemodule;
				SWIFT_ENFORCE_EXCLUSIVE_ACCESS = on;
				SWIFT_OPTIMIZATION_LEVEL = "-O";
				VALIDATE_PRODUCT = YES;
			};
			name = Release;
		};
		C0C52A9D287E7F960011820F /* Debug */ = {
			isa = XCBuildConfiguration;
			buildSettings = {
				ASSETCATALOG_COMPILER_APPICON_NAME = AppIcon;
				ASSETCATALOG_COMPILER_GLOBAL_ACCENT_COLOR_NAME = AccentColor;
				CODE_SIGN_IDENTITY = "Apple Development";
				CODE_SIGN_STYLE = Automatic;
				CURRENT_PROJECT_VERSION = 1;
				DEVELOPMENT_ASSET_PATHS = "\"NeRFCapture/Preview Content\"";
				DEVELOPMENT_TEAM = 2DFGSA53H4;
				ENABLE_PREVIEWS = YES;
				GENERATE_INFOPLIST_FILE = YES;
				INFOPLIST_FILE = NeRFCapture/Info.plist;
				INFOPLIST_KEY_CFBundleDisplayName = "NeRF Capture";
				INFOPLIST_KEY_LSApplicationCategoryType = "public.app-category.education";
				INFOPLIST_KEY_LSSupportsOpeningDocumentsInPlace = YES;
				INFOPLIST_KEY_NSCameraUsageDescription = "";
				INFOPLIST_KEY_UIApplicationSupportsIndirectInputEvents = YES;
				INFOPLIST_KEY_UILaunchStoryboardName = LaunchScreen.storyboard;
				INFOPLIST_KEY_UIRequiredDeviceCapabilities = arkit;
				INFOPLIST_KEY_UIStatusBarHidden = YES;
				INFOPLIST_KEY_UISupportedInterfaceOrientations = "UIInterfaceOrientationLandscapeLeft UIInterfaceOrientationLandscapeRight UIInterfaceOrientationPortrait UIInterfaceOrientationPortraitUpsideDown";
				INFOPLIST_KEY_UISupportsDocumentBrowser = YES;
				IPHONEOS_DEPLOYMENT_TARGET = 15.0;
				LD_RUNPATH_SEARCH_PATHS = (
					"$(inherited)",
					"@executable_path/Frameworks",
				);
				MARKETING_VERSION = 1.0;
				PRODUCT_BUNDLE_IDENTIFIER = au.edu.qcr.NeRFCapture;
				PRODUCT_NAME = "$(TARGET_NAME)";
				PROVISIONING_PROFILE_SPECIFIER = "";
				SUPPORTED_PLATFORMS = "iphoneos iphonesimulator";
				SUPPORTS_MACCATALYST = NO;
				SUPPORTS_MAC_DESIGNED_FOR_IPHONE_IPAD = NO;
				SWIFT_EMIT_LOC_STRINGS = YES;
				SWIFT_OBJC_BRIDGING_HEADER = "NeRFCapture/Networking/CycloneDDS-Bridging-Header.h";
				SWIFT_VERSION = 5.0;
				TARGETED_DEVICE_FAMILY = "1,2";
			};
			name = Debug;
		};
		C0C52A9E287E7F960011820F /* Release */ = {
			isa = XCBuildConfiguration;
			buildSettings = {
				ASSETCATALOG_COMPILER_APPICON_NAME = AppIcon;
				ASSETCATALOG_COMPILER_GLOBAL_ACCENT_COLOR_NAME = AccentColor;
				CODE_SIGN_IDENTITY = "Apple Development";
				CODE_SIGN_STYLE = Automatic;
				CURRENT_PROJECT_VERSION = 1;
				DEVELOPMENT_ASSET_PATHS = "\"NeRFCapture/Preview Content\"";
				DEVELOPMENT_TEAM = 2DFGSA53H4;
				ENABLE_PREVIEWS = YES;
				GENERATE_INFOPLIST_FILE = YES;
				INFOPLIST_FILE = NeRFCapture/Info.plist;
				INFOPLIST_KEY_CFBundleDisplayName = "NeRF Capture";
				INFOPLIST_KEY_LSApplicationCategoryType = "public.app-category.education";
				INFOPLIST_KEY_LSSupportsOpeningDocumentsInPlace = YES;
				INFOPLIST_KEY_NSCameraUsageDescription = "";
				INFOPLIST_KEY_UIApplicationSupportsIndirectInputEvents = YES;
				INFOPLIST_KEY_UILaunchStoryboardName = LaunchScreen.storyboard;
				INFOPLIST_KEY_UIRequiredDeviceCapabilities = arkit;
				INFOPLIST_KEY_UIStatusBarHidden = YES;
				INFOPLIST_KEY_UISupportedInterfaceOrientations = "UIInterfaceOrientationLandscapeLeft UIInterfaceOrientationLandscapeRight UIInterfaceOrientationPortrait UIInterfaceOrientationPortraitUpsideDown";
				INFOPLIST_KEY_UISupportsDocumentBrowser = YES;
				IPHONEOS_DEPLOYMENT_TARGET = 15.0;
				LD_RUNPATH_SEARCH_PATHS = (
					"$(inherited)",
					"@executable_path/Frameworks",
				);
				MARKETING_VERSION = 1.0;
				PRODUCT_BUNDLE_IDENTIFIER = au.edu.qcr.NeRFCapture;
				PRODUCT_NAME = "$(TARGET_NAME)";
				PROVISIONING_PROFILE_SPECIFIER = "";
				SUPPORTED_PLATFORMS = "iphoneos iphonesimulator";
				SUPPORTS_MACCATALYST = NO;
				SUPPORTS_MAC_DESIGNED_FOR_IPHONE_IPAD = NO;
				SWIFT_EMIT_LOC_STRINGS = YES;
				SWIFT_OBJC_BRIDGING_HEADER = "NeRFCapture/Networking/CycloneDDS-Bridging-Header.h";
				SWIFT_VERSION = 5.0;
				TARGETED_DEVICE_FAMILY = "1,2";
			};
			name = Release;
		};
/* End XCBuildConfiguration section */

/* Begin XCConfigurationList section */
		C0C52A87287E7F940011820F /* Build configuration list for PBXProject "NeRFCapture" */ = {
			isa = XCConfigurationList;
			buildConfigurations = (
				C0C52A9A287E7F960011820F /* Debug */,
				C0C52A9B287E7F960011820F /* Release */,
			);
			defaultConfigurationIsVisible = 0;
			defaultConfigurationName = Release;
		};
		C0C52A9C287E7F960011820F /* Build configuration list for PBXNativeTarget "NeRFCapture" */ = {
			isa = XCConfigurationList;
			buildConfigurations = (
				C0C52A9D287E7F960011820F /* Debug */,
				C0C52A9E287E7F960011820F /* Release */,
			);
			defaultConfigurationIsVisible = 0;
			defaultConfigurationName = Release;
		};
/* End XCConfigurationList section */

/* Begin XCRemoteSwiftPackageReference section */
		0539EAAF2965458E00C51AB9 /* XCRemoteSwiftPackageReference "Zip" */ = {
			isa = XCRemoteSwiftPackageReference;
			repositoryURL = "https://github.com/marmelroy/Zip";
			requirement = {
				branch = master;
				kind = branch;
			};
		};
		0539EAB229654B0400C51AB9 /* XCRemoteSwiftPackageReference "CycloneDDSPrebuild" */ = {
			isa = XCRemoteSwiftPackageReference;
			repositoryURL = "https://github.com/jc211/CycloneDDSPrebuild.git";
			requirement = {
				branch = main;
				kind = branch;
			};
		};
/* End XCRemoteSwiftPackageReference section */

/* Begin XCSwiftPackageProductDependency section */
		0539EAB02965458E00C51AB9 /* Zip */ = {
			isa = XCSwiftPackageProductDependency;
			package = 0539EAAF2965458E00C51AB9 /* XCRemoteSwiftPackageReference "Zip" */;
			productName = Zip;
		};
		0539EAB329654B0400C51AB9 /* cyclonedds */ = {
			isa = XCSwiftPackageProductDependency;
			package = 0539EAB229654B0400C51AB9 /* XCRemoteSwiftPackageReference "CycloneDDSPrebuild" */;
			productName = cyclonedds;
		};
/* End XCSwiftPackageProductDependency section */
	};
	rootObject = C0C52A84287E7F940011820F /* Project object */;
}
